
Microsoft Visual Studio Solution File, Format Version 12.00
# Visual Studio 15
VisualStudioVersion = 15.0.27130.2036
MinimumVisualStudioVersion = 10.0.40219.1
Project("{FAE04EC0-301F-11D3-BF4B-00C04F79EFBC}") = "GithubDemo", "GithubDemo\GithubDemo.csproj", "{23E0DE3C-607E-43D8-8509-8DCCC628640A}"
EndProject
Global
	GlobalSection(SolutionConfigurationPlatforms) = preSolution
		Debug|Any CPU = Debug|Any CPU
		Release|Any CPU = Release|Any CPU
	EndGlobalSection
	GlobalSection(ProjectConfigurationPlatforms) = postSolution
		{23E0DE3C-607E-43D8-8509-8DCCC628640A}.Debug|Any CPU.ActiveCfg = Debug|Any CPU
		{23E0DE3C-607E-43D8-8509-8DCCC628640A}.Debug|Any CPU.Build.0 = Debug|Any CPU
		{23E0DE3C-607E-43D8-8509-8DCCC628640A}.Release|Any CPU.ActiveCfg = Release|Any CPU
		{23E0DE3C-607E-43D8-8509-8DCCC628640A}.Release|Any CPU.Build.0 = Release|Any CPU
	EndGlobalSection
	GlobalSection(SolutionProperties) = preSolution
		HideSolutionNode = FALSE
	EndGlobalSection
	GlobalSection(ExtensibilityGlobals) = postSolution
		SolutionGuid = {69C40241-DC8F-491C-8A57-40681986E794}
	EndGlobalSection
EndGlobal
